// !$*UTF8*$!
{
	archiveVersion = 1;
	classes = {
	};
	objectVersion = 46;
	objects = {

/* Begin PBXBuildFile section */
		4572CEEF1F1D4058003A6632 /* AppDelegate.swift in Sources */ = {isa = PBXBuildFile; fileRef = 4572CEEE1F1D4058003A6632 /* AppDelegate.swift */; };
		4572CEF11F1D4058003A6632 /* ViewController.swift in Sources */ = {isa = PBXBuildFile; fileRef = 4572CEF01F1D4058003A6632 /* ViewController.swift */; };
		4572CEF41F1D4058003A6632 /* Main.storyboard in Resources */ = {isa = PBXBuildFile; fileRef = 4572CEF21F1D4058003A6632 /* Main.storyboard */; };
		4572CEF71F1D4058003A6632 /* ShesRight.xcdatamodeld in Sources */ = {isa = PBXBuildFile; fileRef = 4572CEF51F1D4058003A6632 /* ShesRight.xcdatamodeld */; };
		4572CEF91F1D4058003A6632 /* Assets.xcassets in Resources */ = {isa = PBXBuildFile; fileRef = 4572CEF81F1D4058003A6632 /* Assets.xcassets */; };
		4572CEFC1F1D4058003A6632 /* LaunchScreen.storyboard in Resources */ = {isa = PBXBuildFile; fileRef = 4572CEFA1F1D4058003A6632 /* LaunchScreen.storyboard */; };
		4572CF211F1D58EA003A6632 /* MamasRight.m4a in Resources */ = {isa = PBXBuildFile; fileRef = 4572CF201F1D52E1003A6632 /* MamasRight.m4a */; };
/* End PBXBuildFile section */

/* Begin PBXFileReference section */
		4572CEEB1F1D4058003A6632 /* MamasRight.app */ = {isa = PBXFileReference; explicitFileType = wrapper.application; includeInIndex = 0; path = MamasRight.app; sourceTree = BUILT_PRODUCTS_DIR; };
		4572CEEE1F1D4058003A6632 /* AppDelegate.swift */ = {isa = PBXFileReference; lastKnownFileType = sourcecode.swift; path = AppDelegate.swift; sourceTree = "<group>"; };
		4572CEF01F1D4058003A6632 /* ViewController.swift */ = {isa = PBXFileReference; lastKnownFileType = sourcecode.swift; path = ViewController.swift; sourceTree = "<group>"; };
		4572CEF31F1D4058003A6632 /* Base */ = {isa = PBXFileReference; lastKnownFileType = file.storyboard; name = Base; path = Base.lproj/Main.storyboard; sourceTree = "<group>"; };
		4572CEF61F1D4058003A6632 /* ShesRight.xcdatamodel */ = {isa = PBXFileReference; lastKnownFileType = wrapper.xcdatamodel; path = ShesRight.xcdatamodel; sourceTree = "<group>"; };
		4572CEF81F1D4058003A6632 /* Assets.xcassets */ = {isa = PBXFileReference; lastKnownFileType = folder.assetcatalog; path = Assets.xcassets; sourceTree = "<group>"; };
		4572CEFB1F1D4058003A6632 /* Base */ = {isa = PBXFileReference; lastKnownFileType = file.storyboard; name = Base; path = Base.lproj/LaunchScreen.storyboard; sourceTree = "<group>"; };
		4572CEFD1F1D4058003A6632 /* Info.plist */ = {isa = PBXFileReference; lastKnownFileType = text.plist.xml; path = Info.plist; sourceTree = "<group>"; };
		4572CF061F1D4058003A6632 /* ShesRightTests.swift */ = {isa = PBXFileReference; lastKnownFileType = sourcecode.swift; path = ShesRightTests.swift; sourceTree = "<group>"; };
		4572CF081F1D4058003A6632 /* Info.plist */ = {isa = PBXFileReference; lastKnownFileType = text.plist.xml; path = Info.plist; sourceTree = "<group>"; };
		4572CF111F1D4058003A6632 /* ShesRightUITests.swift */ = {isa = PBXFileReference; lastKnownFileType = sourcecode.swift; path = ShesRightUITests.swift; sourceTree = "<group>"; };
		4572CF131F1D4058003A6632 /* Info.plist */ = {isa = PBXFileReference; lastKnownFileType = text.plist.xml; path = Info.plist; sourceTree = "<group>"; };
		4572CF201F1D52E1003A6632 /* MamasRight.m4a */ = {isa = PBXFileReference; lastKnownFileType = file; path = MamasRight.m4a; sourceTree = "<group>"; };
/* End PBXFileReference section */

/* Begin PBXFrameworksBuildPhase section */
		4572CEE81F1D4058003A6632 /* Frameworks */ = {
			isa = PBXFrameworksBuildPhase;
			buildActionMask = 2147483647;
			files = (
			);
			runOnlyForDeploymentPostprocessing = 0;
		};
/* End PBXFrameworksBuildPhase section */

/* Begin PBXGroup section */
		4572CEE21F1D4058003A6632 = {
			isa = PBXGroup;
			children = (
				4572CEED1F1D4058003A6632 /* MamasRight */,
				4572CF051F1D4058003A6632 /* ShesRightTests */,
				4572CF101F1D4058003A6632 /* ShesRightUITests */,
				4572CEEC1F1D4058003A6632 /* Products */,
			);
			sourceTree = "<group>";
		};
		4572CEEC1F1D4058003A6632 /* Products */ = {
			isa = PBXGroup;
			children = (
				4572CEEB1F1D4058003A6632 /* MamasRight.app */,
			);
			name = Products;
			sourceTree = "<group>";
		};
		4572CEED1F1D4058003A6632 /* MamasRight */ = {
			isa = PBXGroup;
			children = (
				4572CF1F1F1D52AE003A6632 /* AudioFIles */,
				4572CEEE1F1D4058003A6632 /* AppDelegate.swift */,
				4572CEF01F1D4058003A6632 /* ViewController.swift */,
				4572CEF21F1D4058003A6632 /* Main.storyboard */,
				4572CEF81F1D4058003A6632 /* Assets.xcassets */,
				4572CEFA1F1D4058003A6632 /* LaunchScreen.storyboard */,
				4572CEFD1F1D4058003A6632 /* Info.plist */,
				4572CEF51F1D4058003A6632 /* ShesRight.xcdatamodeld */,
			);
			name = MamasRight;
			path = ShesRight;
			sourceTree = "<group>";
		};
		4572CF051F1D4058003A6632 /* ShesRightTests */ = {
			isa = PBXGroup;
			children = (
				4572CF061F1D4058003A6632 /* ShesRightTests.swift */,
				4572CF081F1D4058003A6632 /* Info.plist */,
			);
			path = ShesRightTests;
			sourceTree = "<group>";
		};
		4572CF101F1D4058003A6632 /* ShesRightUITests */ = {
			isa = PBXGroup;
			children = (
				4572CF111F1D4058003A6632 /* ShesRightUITests.swift */,
				4572CF131F1D4058003A6632 /* Info.plist */,
			);
			path = ShesRightUITests;
			sourceTree = "<group>";
		};
		4572CF1F1F1D52AE003A6632 /* AudioFIles */ = {
			isa = PBXGroup;
			children = (
				4572CF201F1D52E1003A6632 /* MamasRight.m4a */,
			);
			name = AudioFIles;
			sourceTree = "<group>";
		};
/* End PBXGroup section */

/* Begin PBXNativeTarget section */
		4572CEEA1F1D4058003A6632 /* MamasRight */ = {
			isa = PBXNativeTarget;
			buildConfigurationList = 4572CF161F1D4058003A6632 /* Build configuration list for PBXNativeTarget "MamasRight" */;
			buildPhases = (
				4572CEE71F1D4058003A6632 /* Sources */,
				4572CEE81F1D4058003A6632 /* Frameworks */,
				4572CEE91F1D4058003A6632 /* Resources */,
			);
			buildRules = (
			);
			dependencies = (
			);
			name = MamasRight;
			productName = ShesRight;
			productReference = 4572CEEB1F1D4058003A6632 /* MamasRight.app */;
			productType = "com.apple.product-type.application";
		};
/* End PBXNativeTarget section */

/* Begin PBXProject section */
		4572CEE31F1D4058003A6632 /* Project object */ = {
			isa = PBXProject;
			attributes = {
				LastSwiftUpdateCheck = 0830;
				LastUpgradeCheck = 0830;
				ORGANIZATIONNAME = "Raleigh Green";
				TargetAttributes = {
					4572CEEA1F1D4058003A6632 = {
						CreatedOnToolsVersion = 8.3.3;
						DevelopmentTeam = EKBR8K779P;
						ProvisioningStyle = Automatic;
					};
				};
			};
			buildConfigurationList = 4572CEE61F1D4058003A6632 /* Build configuration list for PBXProject "MamasRight" */;
			compatibilityVersion = "Xcode 3.2";
			developmentRegion = English;
			hasScannedForEncodings = 0;
			knownRegions = (
				en,
				Base,
			);
			mainGroup = 4572CEE21F1D4058003A6632;
			productRefGroup = 4572CEEC1F1D4058003A6632 /* Products */;
			projectDirPath = "";
			projectRoot = "";
			targets = (
				4572CEEA1F1D4058003A6632 /* MamasRight */,
			);
		};
/* End PBXProject section */

/* Begin PBXResourcesBuildPhase section */
		4572CEE91F1D4058003A6632 /* Resources */ = {
			isa = PBXResourcesBuildPhase;
			buildActionMask = 2147483647;
			files = (
				4572CF211F1D58EA003A6632 /* MamasRight.m4a in Resources */,
				4572CEFC1F1D4058003A6632 /* LaunchScreen.storyboard in Resources */,
				4572CEF91F1D4058003A6632 /* Assets.xcassets in Resources */,
				4572CEF41F1D4058003A6632 /* Main.storyboard in Resources */,
			);
			runOnlyForDeploymentPostprocessing = 0;
		};
/* End PBXResourcesBuildPhase section */

/* Begin PBXSourcesBuildPhase section */
		4572CEE71F1D4058003A6632 /* Sources */ = {
			isa = PBXSourcesBuildPhase;
			buildActionMask = 2147483647;
			files = (
				4572CEF11F1D4058003A6632 /* ViewController.swift in Sources */,
				4572CEF71F1D4058003A6632 /* ShesRight.xcdatamodeld in Sources */,
				4572CEEF1F1D4058003A6632 /* AppDelegate.swift in Sources */,
			);
			runOnlyForDeploymentPostprocessing = 0;
		};
/* End PBXSourcesBuildPhase section */

/* Begin PBXVariantGroup section */
		4572CEF21F1D4058003A6632 /* Main.storyboard */ = {
			isa = PBXVariantGroup;
			children = (
				4572CEF31F1D4058003A6632 /* Base */,
			);
			name = Main.storyboard;
			sourceTree = "<group>";
		};
		4572CEFA1F1D4058003A6632 /* LaunchScreen.storyboard */ = {
			isa = PBXVariantGroup;
			children = (
				4572CEFB1F1D4058003A6632 /* Base */,
			);
			name = LaunchScreen.storyboard;
			sourceTree = "<group>";
		};
/* End PBXVariantGroup section */

/* Begin XCBuildConfiguration section */
		4572CF141F1D4058003A6632 /* Debug */ = {
			isa = XCBuildConfiguration;
			buildSettings = {
				ALWAYS_SEARCH_USER_PATHS = NO;
				CLANG_ANALYZER_NONNULL = YES;
				CLANG_ANALYZER_NUMBER_OBJECT_CONVERSION = YES_AGGRESSIVE;
				CLANG_CXX_LANGUAGE_STANDARD = "gnu++0x";
				CLANG_CXX_LIBRARY = "libc++";
				CLANG_ENABLE_MODULES = YES;
				CLANG_ENABLE_OBJC_ARC = YES;
				CLANG_WARN_BOOL_CONVERSION = YES;
				CLANG_WARN_CONSTANT_CONVERSION = YES;
				CLANG_WARN_DIRECT_OBJC_ISA_USAGE = YES_ERROR;
				CLANG_WARN_DOCUMENTATION_COMMENTS = YES;
				CLANG_WARN_EMPTY_BODY = YES;
				CLANG_WARN_ENUM_CONVERSION = YES;
				CLANG_WARN_INFINITE_RECURSION = YES;
				CLANG_WARN_INT_CONVERSION = YES;
				CLANG_WARN_OBJC_ROOT_CLASS = YES_ERROR;
				CLANG_WARN_SUSPICIOUS_MOVE = YES;
				CLANG_WARN_UNREACHABLE_CODE = YES;
				CLANG_WARN__DUPLICATE_METHOD_MATCH = YES;
				"CODE_SIGN_IDENTITY[sdk=iphoneos*]" = "iPhone Developer";
				COPY_PHASE_STRIP = NO;
				DEBUG_INFORMATION_FORMAT = dwarf;
				ENABLE_STRICT_OBJC_MSGSEND = YES;
				ENABLE_TESTABILITY = YES;
				GCC_C_LANGUAGE_STANDARD = gnu99;
				GCC_DYNAMIC_NO_PIC = NO;
				GCC_NO_COMMON_BLOCKS = YES;
				GCC_OPTIMIZATION_LEVEL = 0;
				GCC_PREPROCESSOR_DEFINITIONS = (
					"DEBUG=1",
					"$(inherited)",
				);
				GCC_WARN_64_TO_32_BIT_CONVERSION = YES;
				GCC_WARN_ABOUT_RETURN_TYPE = YES_ERROR;
				GCC_WARN_UNDECLARED_SELECTOR = YES;
				GCC_WARN_UNINITIALIZED_AUTOS = YES_AGGRESSIVE;
				GCC_WARN_UNUSED_FUNCTION = YES;
				GCC_WARN_UNUSED_VARIABLE = YES;
				IPHONEOS_DEPLOYMENT_TARGET = 10.3;
				MTL_ENABLE_DEBUG_INFO = YES;
				ONLY_ACTIVE_ARCH = YES;
				SDKROOT = iphoneos;
				SWIFT_ACTIVE_COMPILATION_CONDITIONS = DEBUG;
				SWIFT_OPTIMIZATION_LEVEL = "-Onone";
				TARGETED_DEVICE_FAMILY = "1,2";
			};
			name = Debug;
		};
		4572CF151F1D4058003A6632 /* Release */ = {
			isa = XCBuildConfiguration;
			buildSettings = {
				ALWAYS_SEARCH_USER_PATHS = NO;
				CLANG_ANALYZER_NONNULL = YES;
				CLANG_ANALYZER_NUMBER_OBJECT_CONVERSION = YES_AGGRESSIVE;
				CLANG_CXX_LANGUAGE_STANDARD = "gnu++0x";
				CLANG_CXX_LIBRARY = "libc++";
				CLANG_ENABLE_MODULES = YES;
				CLANG_ENABLE_OBJC_ARC = YES;
				CLANG_WARN_BOOL_CONVERSION = YES;
				CLANG_WARN_CONSTANT_CONVERSION = YES;
				CLANG_WARN_DIRECT_OBJC_ISA_USAGE = YES_ERROR;
				CLANG_WARN_DOCUMENTATION_COMMENTS = YES;
				CLANG_WARN_EMPTY_BODY = YES;
				CLANG_WARN_ENUM_CONVERSION = YES;
				CLANG_WARN_INFINITE_RECURSION = YES;
				CLANG_WARN_INT_CONVERSION = YES;
				CLANG_WARN_OBJC_ROOT_CLASS = YES_ERROR;
				CLANG_WARN_SUSPICIOUS_MOVE = YES;
				CLANG_WARN_UNREACHABLE_CODE = YES;
				CLANG_WARN__DUPLICATE_METHOD_MATCH = YES;
				"CODE_SIGN_IDENTITY[sdk=iphoneos*]" = "iPhone Developer";
				COPY_PHASE_STRIP = NO;
				DEBUG_INFORMATION_FORMAT = "dwarf-with-dsym";
				ENABLE_NS_ASSERTIONS = NO;
				ENABLE_STRICT_OBJC_MSGSEND = YES;
				GCC_C_LANGUAGE_STANDARD = gnu99;
				GCC_NO_COMMON_BLOCKS = YES;
				GCC_WARN_64_TO_32_BIT_CONVERSION = YES;
				GCC_WARN_ABOUT_RETURN_TYPE = YES_ERROR;
				GCC_WARN_UNDECLARED_SELECTOR = YES;
				GCC_WARN_UNINITIALIZED_AUTOS = YES_AGGRESSIVE;
				GCC_WARN_UNUSED_FUNCTION = YES;
				GCC_WARN_UNUSED_VARIABLE = YES;
				IPHONEOS_DEPLOYMENT_TARGET = 10.3;
				MTL_ENABLE_DEBUG_INFO = NO;
				SDKROOT = iphoneos;
				SWIFT_OPTIMIZATION_LEVEL = "-Owholemodule";
				TARGETED_DEVICE_FAMILY = "1,2";
				VALIDATE_PRODUCT = YES;
			};
			name = Release;
		};
		4572CF171F1D4058003A6632 /* Debug */ = {
			isa = XCBuildConfiguration;
			buildSettings = {
				ASSETCATALOG_COMPILER_APPICON_NAME = AppIcon;
				DEVELOPMENT_TEAM = EKBR8K779P;
				INFOPLIST_FILE = ShesRight/Info.plist;
				LD_RUNPATH_SEARCH_PATHS = "$(inherited) @executable_path/Frameworks";
				PRODUCT_BUNDLE_IDENTIFIER = com.raleighgreen.ShesRight;
				PRODUCT_NAME = "$(TARGET_NAME)";
				SWIFT_VERSION = 3.0;
			};
			name = Debug;
		};
		4572CF181F1D4058003A6632 /* Release */ = {
			isa = XCBuildConfiguration;
			buildSettings = {
				ASSETCATALOG_COMPILER_APPICON_NAME = AppIcon;
				DEVELOPMENT_TEAM = EKBR8K779P;
				INFOPLIST_FILE = ShesRight/Info.plist;
				LD_RUNPATH_SEARCH_PATHS = "$(inherited) @executable_path/Frameworks";
				PRODUCT_BUNDLE_IDENTIFIER = com.raleighgreen.ShesRight;
				PRODUCT_NAME = "$(TARGET_NAME)";
				SWIFT_VERSION = 3.0;
			};
			name = Release;
		};
/* End XCBuildConfiguration section */

/* Begin XCConfigurationList section */
		4572CEE61F1D4058003A6632 /* Build configuration list for PBXProject "MamasRight" */ = {
			isa = XCConfigurationList;
			buildConfigurations = (
				4572CF141F1D4058003A6632 /* Debug */,
				4572CF151F1D4058003A6632 /* Release */,
			);
			defaultConfigurationIsVisible = 0;
			defaultConfigurationName = Release;
		};
		4572CF161F1D4058003A6632 /* Build configuration list for PBXNativeTarget "MamasRight" */ = {
			isa = XCConfigurationList;
			buildConfigurations = (
				4572CF171F1D4058003A6632 /* Debug */,
				4572CF181F1D4058003A6632 /* Release */,
			);
			defaultConfigurationIsVisible = 0;
			defaultConfigurationName = Release;
		};
/* End XCConfigurationList section */

/* Begin XCVersionGroup section */
		4572CEF51F1D4058003A6632 /* ShesRight.xcdatamodeld */ = {
			isa = XCVersionGroup;
			children = (
				4572CEF61F1D4058003A6632 /* ShesRight.xcdatamodel */,
			);
			currentVersion = 4572CEF61F1D4058003A6632 /* ShesRight.xcdatamodel */;
			path = ShesRight.xcdatamodeld;
			sourceTree = "<group>";
			versionGroupType = wrapper.xcdatamodel;
		};
/* End XCVersionGroup section */
	};
	rootObject = 4572CEE31F1D4058003A6632 /* Project object */;
}
